// !$*UTF8*$!
{
	archiveVersion = 1;
	classes = {
	};
	objectVersion = 50;
	objects = {

/* Begin PBXBuildFile section */
		2AB7E03D62FFE3327D67D3AF /* Pods_ParstagramUITests.framework in Frameworks */ = {isa = PBXBuildFile; fileRef = 9C8D20B92371264910CC1333 /* Pods_ParstagramUITests.framework */; };
		440BFAA92282B5FB008310C2 /* AppDelegate.swift in Sources */ = {isa = PBXBuildFile; fileRef = 440BFAA82282B5FB008310C2 /* AppDelegate.swift */; };
		440BFAAB2282B5FB008310C2 /* FeedViewController.swift in Sources */ = {isa = PBXBuildFile; fileRef = 440BFAAA2282B5FB008310C2 /* FeedViewController.swift */; };
		440BFAAE2282B5FB008310C2 /* Main.storyboard in Resources */ = {isa = PBXBuildFile; fileRef = 440BFAAC2282B5FB008310C2 /* Main.storyboard */; };
		440BFAB02282B5FD008310C2 /* Assets.xcassets in Resources */ = {isa = PBXBuildFile; fileRef = 440BFAAF2282B5FD008310C2 /* Assets.xcassets */; };
		440BFAB32282B5FD008310C2 /* LaunchScreen.storyboard in Resources */ = {isa = PBXBuildFile; fileRef = 440BFAB12282B5FD008310C2 /* LaunchScreen.storyboard */; };
		440BFABE2282B5FD008310C2 /* ParstagramTests.swift in Sources */ = {isa = PBXBuildFile; fileRef = 440BFABD2282B5FD008310C2 /* ParstagramTests.swift */; };
		440BFAC92282B5FD008310C2 /* ParstagramUITests.swift in Sources */ = {isa = PBXBuildFile; fileRef = 440BFAC82282B5FD008310C2 /* ParstagramUITests.swift */; };
		440BFAD72282BB9F008310C2 /* LoginViewController.swift in Sources */ = {isa = PBXBuildFile; fileRef = 440BFAD62282BB9F008310C2 /* LoginViewController.swift */; };
		440BFAD92282C551008310C2 /* CameraViewController.swift in Sources */ = {isa = PBXBuildFile; fileRef = 440BFAD82282C551008310C2 /* CameraViewController.swift */; };
		440BFADD2283623D008310C2 /* PostCell.swift in Sources */ = {isa = PBXBuildFile; fileRef = 440BFADC2283623D008310C2 /* PostCell.swift */; };
		6FB755C2F6712CF2AF81387D /* Pods_Parstagram.framework in Frameworks */ = {isa = PBXBuildFile; fileRef = 5B1258D7F68D148F581D08FC /* Pods_Parstagram.framework */; };
		805DB300F2B6D92F97F7781B /* Pods_ParstagramTests.framework in Frameworks */ = {isa = PBXBuildFile; fileRef = 81E45AD03C7FB9480DC2EDF5 /* Pods_ParstagramTests.framework */; };
/* End PBXBuildFile section */

/* Begin PBXContainerItemProxy section */
		440BFABA2282B5FD008310C2 /* PBXContainerItemProxy */ = {
			isa = PBXContainerItemProxy;
			containerPortal = 440BFA9D2282B5FB008310C2 /* Project object */;
			proxyType = 1;
			remoteGlobalIDString = 440BFAA42282B5FB008310C2;
			remoteInfo = Parstagram;
		};
		440BFAC52282B5FD008310C2 /* PBXContainerItemProxy */ = {
			isa = PBXContainerItemProxy;
			containerPortal = 440BFA9D2282B5FB008310C2 /* Project object */;
			proxyType = 1;
			remoteGlobalIDString = 440BFAA42282B5FB008310C2;
			remoteInfo = Parstagram;
		};
/* End PBXContainerItemProxy section */

/* Begin PBXFileReference section */
		1321D9207F6BFDCCEAE55907 /* Pods-Parstagram.release.xcconfig */ = {isa = PBXFileReference; includeInIndex = 1; lastKnownFileType = text.xcconfig; name = "Pods-Parstagram.release.xcconfig"; path = "Target Support Files/Pods-Parstagram/Pods-Parstagram.release.xcconfig"; sourceTree = "<group>"; };
		440BFAA52282B5FB008310C2 /* Parstagram.app */ = {isa = PBXFileReference; explicitFileType = wrapper.application; includeInIndex = 0; path = Parstagram.app; sourceTree = BUILT_PRODUCTS_DIR; };
		440BFAA82282B5FB008310C2 /* AppDelegate.swift */ = {isa = PBXFileReference; lastKnownFileType = sourcecode.swift; path = AppDelegate.swift; sourceTree = "<group>"; };
		440BFAAA2282B5FB008310C2 /* FeedViewController.swift */ = {isa = PBXFileReference; lastKnownFileType = sourcecode.swift; path = FeedViewController.swift; sourceTree = "<group>"; };
		440BFAAD2282B5FB008310C2 /* Base */ = {isa = PBXFileReference; lastKnownFileType = file.storyboard; name = Base; path = Base.lproj/Main.storyboard; sourceTree = "<group>"; };
		440BFAAF2282B5FD008310C2 /* Assets.xcassets */ = {isa = PBXFileReference; lastKnownFileType = folder.assetcatalog; path = Assets.xcassets; sourceTree = "<group>"; };
		440BFAB22282B5FD008310C2 /* Base */ = {isa = PBXFileReference; lastKnownFileType = file.storyboard; name = Base; path = Base.lproj/LaunchScreen.storyboard; sourceTree = "<group>"; };
		440BFAB42282B5FD008310C2 /* Info.plist */ = {isa = PBXFileReference; lastKnownFileType = text.plist.xml; path = Info.plist; sourceTree = "<group>"; };
		440BFAB92282B5FD008310C2 /* ParstagramTests.xctest */ = {isa = PBXFileReference; explicitFileType = wrapper.cfbundle; includeInIndex = 0; path = ParstagramTests.xctest; sourceTree = BUILT_PRODUCTS_DIR; };
		440BFABD2282B5FD008310C2 /* ParstagramTests.swift */ = {isa = PBXFileReference; lastKnownFileType = sourcecode.swift; path = ParstagramTests.swift; sourceTree = "<group>"; };
		440BFABF2282B5FD008310C2 /* Info.plist */ = {isa = PBXFileReference; lastKnownFileType = text.plist.xml; path = Info.plist; sourceTree = "<group>"; };
		440BFAC42282B5FD008310C2 /* ParstagramUITests.xctest */ = {isa = PBXFileReference; explicitFileType = wrapper.cfbundle; includeInIndex = 0; path = ParstagramUITests.xctest; sourceTree = BUILT_PRODUCTS_DIR; };
		440BFAC82282B5FD008310C2 /* ParstagramUITests.swift */ = {isa = PBXFileReference; lastKnownFileType = sourcecode.swift; path = ParstagramUITests.swift; sourceTree = "<group>"; };
		440BFACA2282B5FD008310C2 /* Info.plist */ = {isa = PBXFileReference; lastKnownFileType = text.plist.xml; path = Info.plist; sourceTree = "<group>"; };
		440BFAD62282BB9F008310C2 /* LoginViewController.swift */ = {isa = PBXFileReference; lastKnownFileType = sourcecode.swift; path = LoginViewController.swift; sourceTree = "<group>"; };
		440BFAD82282C551008310C2 /* CameraViewController.swift */ = {isa = PBXFileReference; lastKnownFileType = sourcecode.swift; path = CameraViewController.swift; sourceTree = "<group>"; };
		440BFADC2283623D008310C2 /* PostCell.swift */ = {isa = PBXFileReference; lastKnownFileType = sourcecode.swift; name = PostCell.swift; path = /Users/josephwong/Documents/Parstagram/Parstagram/PostCell.swift; sourceTree = "<absolute>"; };
		45460DACED36C371A3D7C093 /* Pods-ParstagramUITests.release.xcconfig */ = {isa = PBXFileReference; includeInIndex = 1; lastKnownFileType = text.xcconfig; name = "Pods-ParstagramUITests.release.xcconfig"; path = "Target Support Files/Pods-ParstagramUITests/Pods-ParstagramUITests.release.xcconfig"; sourceTree = "<group>"; };
		57EF6CA777466AF849DDE04E /* Pods-Parstagram.debug.xcconfig */ = {isa = PBXFileReference; includeInIndex = 1; lastKnownFileType = text.xcconfig; name = "Pods-Parstagram.debug.xcconfig"; path = "Target Support Files/Pods-Parstagram/Pods-Parstagram.debug.xcconfig"; sourceTree = "<group>"; };
		5B1258D7F68D148F581D08FC /* Pods_Parstagram.framework */ = {isa = PBXFileReference; explicitFileType = wrapper.framework; includeInIndex = 0; path = Pods_Parstagram.framework; sourceTree = BUILT_PRODUCTS_DIR; };
		81E45AD03C7FB9480DC2EDF5 /* Pods_ParstagramTests.framework */ = {isa = PBXFileReference; explicitFileType = wrapper.framework; includeInIndex = 0; path = Pods_ParstagramTests.framework; sourceTree = BUILT_PRODUCTS_DIR; };
		91B3380A5F197FB2D53EDE5A /* Pods-ParstagramUITests.debug.xcconfig */ = {isa = PBXFileReference; includeInIndex = 1; lastKnownFileType = text.xcconfig; name = "Pods-ParstagramUITests.debug.xcconfig"; path = "Target Support Files/Pods-ParstagramUITests/Pods-ParstagramUITests.debug.xcconfig"; sourceTree = "<group>"; };
		9C8D20B92371264910CC1333 /* Pods_ParstagramUITests.framework */ = {isa = PBXFileReference; explicitFileType = wrapper.framework; includeInIndex = 0; path = Pods_ParstagramUITests.framework; sourceTree = BUILT_PRODUCTS_DIR; };
		A7F47FEB9714F742DAFAAF3A /* Pods-ParstagramTests.debug.xcconfig */ = {isa = PBXFileReference; includeInIndex = 1; lastKnownFileType = text.xcconfig; name = "Pods-ParstagramTests.debug.xcconfig"; path = "Target Support Files/Pods-ParstagramTests/Pods-ParstagramTests.debug.xcconfig"; sourceTree = "<group>"; };
		C2174B98ACBA574EA4997B54 /* Pods-ParstagramTests.release.xcconfig */ = {isa = PBXFileReference; includeInIndex = 1; lastKnownFileType = text.xcconfig; name = "Pods-ParstagramTests.release.xcconfig"; path = "Target Support Files/Pods-ParstagramTests/Pods-ParstagramTests.release.xcconfig"; sourceTree = "<group>"; };
/* End PBXFileReference section */

/* Begin PBXFrameworksBuildPhase section */
		440BFAA22282B5FB008310C2 /* Frameworks */ = {
			isa = PBXFrameworksBuildPhase;
			buildActionMask = 2147483647;
			files = (
				6FB755C2F6712CF2AF81387D /* Pods_Parstagram.framework in Frameworks */,
			);
			runOnlyForDeploymentPostprocessing = 0;
		};
		440BFAB62282B5FD008310C2 /* Frameworks */ = {
			isa = PBXFrameworksBuildPhase;
			buildActionMask = 2147483647;
			files = (
				805DB300F2B6D92F97F7781B /* Pods_ParstagramTests.framework in Frameworks */,
			);
			runOnlyForDeploymentPostprocessing = 0;
		};
		440BFAC12282B5FD008310C2 /* Frameworks */ = {
			isa = PBXFrameworksBuildPhase;
			buildActionMask = 2147483647;
			files = (
				2AB7E03D62FFE3327D67D3AF /* Pods_ParstagramUITests.framework in Frameworks */,
			);
			runOnlyForDeploymentPostprocessing = 0;
		};
/* End PBXFrameworksBuildPhase section */

/* Begin PBXGroup section */
		440BFA9C2282B5FB008310C2 = {
			isa = PBXGroup;
			children = (
				440BFAA72282B5FB008310C2 /* Parstagram */,
				440BFABC2282B5FD008310C2 /* ParstagramTests */,
				440BFAC72282B5FD008310C2 /* ParstagramUITests */,
				440BFAA62282B5FB008310C2 /* Products */,
				F11337DBFBA69ED5F0A0CA28 /* Pods */,
				8FA9E30CC92B32E443153424 /* Frameworks */,
			);
			sourceTree = "<group>";
		};
		440BFAA62282B5FB008310C2 /* Products */ = {
			isa = PBXGroup;
			children = (
				440BFAA52282B5FB008310C2 /* Parstagram.app */,
				440BFAB92282B5FD008310C2 /* ParstagramTests.xctest */,
				440BFAC42282B5FD008310C2 /* ParstagramUITests.xctest */,
			);
			name = Products;
			sourceTree = "<group>";
		};
		440BFAA72282B5FB008310C2 /* Parstagram */ = {
			isa = PBXGroup;
			children = (
				440BFADC2283623D008310C2 /* PostCell.swift */,
				440BFAA82282B5FB008310C2 /* AppDelegate.swift */,
				440BFAAA2282B5FB008310C2 /* FeedViewController.swift */,
				440BFAAC2282B5FB008310C2 /* Main.storyboard */,
				440BFAD82282C551008310C2 /* CameraViewController.swift */,
				440BFAD62282BB9F008310C2 /* LoginViewController.swift */,
				440BFAAF2282B5FD008310C2 /* Assets.xcassets */,
				440BFAB12282B5FD008310C2 /* LaunchScreen.storyboard */,
				440BFAB42282B5FD008310C2 /* Info.plist */,
			);
			path = Parstagram;
			sourceTree = "<group>";
		};
		440BFABC2282B5FD008310C2 /* ParstagramTests */ = {
			isa = PBXGroup;
			children = (
				440BFABD2282B5FD008310C2 /* ParstagramTests.swift */,
				440BFABF2282B5FD008310C2 /* Info.plist */,
			);
			path = ParstagramTests;
			sourceTree = "<group>";
		};
		440BFAC72282B5FD008310C2 /* ParstagramUITests */ = {
			isa = PBXGroup;
			children = (
				440BFAC82282B5FD008310C2 /* ParstagramUITests.swift */,
				440BFACA2282B5FD008310C2 /* Info.plist */,
			);
			path = ParstagramUITests;
			sourceTree = "<group>";
		};
		8FA9E30CC92B32E443153424 /* Frameworks */ = {
			isa = PBXGroup;
			children = (
				5B1258D7F68D148F581D08FC /* Pods_Parstagram.framework */,
				81E45AD03C7FB9480DC2EDF5 /* Pods_ParstagramTests.framework */,
				9C8D20B92371264910CC1333 /* Pods_ParstagramUITests.framework */,
			);
			name = Frameworks;
			sourceTree = "<group>";
		};
		F11337DBFBA69ED5F0A0CA28 /* Pods */ = {
			isa = PBXGroup;
			children = (
				57EF6CA777466AF849DDE04E /* Pods-Parstagram.debug.xcconfig */,
				1321D9207F6BFDCCEAE55907 /* Pods-Parstagram.release.xcconfig */,
				A7F47FEB9714F742DAFAAF3A /* Pods-ParstagramTests.debug.xcconfig */,
				C2174B98ACBA574EA4997B54 /* Pods-ParstagramTests.release.xcconfig */,
				91B3380A5F197FB2D53EDE5A /* Pods-ParstagramUITests.debug.xcconfig */,
				45460DACED36C371A3D7C093 /* Pods-ParstagramUITests.release.xcconfig */,
			);
			path = Pods;
			sourceTree = "<group>";
		};
/* End PBXGroup section */

/* Begin PBXNativeTarget section */
		440BFAA42282B5FB008310C2 /* Parstagram */ = {
			isa = PBXNativeTarget;
			buildConfigurationList = 440BFACD2282B5FD008310C2 /* Build configuration list for PBXNativeTarget "Parstagram" */;
			buildPhases = (
				863E8217D3A237B44A3DB629 /* [CP] Check Pods Manifest.lock */,
				440BFAA12282B5FB008310C2 /* Sources */,
				440BFAA22282B5FB008310C2 /* Frameworks */,
				440BFAA32282B5FB008310C2 /* Resources */,
				D457FA58FBFBDB4DA4713ADD /* [CP] Embed Pods Frameworks */,
			);
			buildRules = (
			);
			dependencies = (
			);
			name = Parstagram;
			productName = Parstagram;
			productReference = 440BFAA52282B5FB008310C2 /* Parstagram.app */;
			productType = "com.apple.product-type.application";
		};
		440BFAB82282B5FD008310C2 /* ParstagramTests */ = {
			isa = PBXNativeTarget;
			buildConfigurationList = 440BFAD02282B5FD008310C2 /* Build configuration list for PBXNativeTarget "ParstagramTests" */;
			buildPhases = (
				233B87D75E15C15F66626B31 /* [CP] Check Pods Manifest.lock */,
				440BFAB52282B5FD008310C2 /* Sources */,
				440BFAB62282B5FD008310C2 /* Frameworks */,
				440BFAB72282B5FD008310C2 /* Resources */,
			);
			buildRules = (
			);
			dependencies = (
				440BFABB2282B5FD008310C2 /* PBXTargetDependency */,
			);
			name = ParstagramTests;
			productName = ParstagramTests;
			productReference = 440BFAB92282B5FD008310C2 /* ParstagramTests.xctest */;
			productType = "com.apple.product-type.bundle.unit-test";
		};
		440BFAC32282B5FD008310C2 /* ParstagramUITests */ = {
			isa = PBXNativeTarget;
			buildConfigurationList = 440BFAD32282B5FD008310C2 /* Build configuration list for PBXNativeTarget "ParstagramUITests" */;
			buildPhases = (
				EBAEBB1F8AE7930763B231B0 /* [CP] Check Pods Manifest.lock */,
				440BFAC02282B5FD008310C2 /* Sources */,
				440BFAC12282B5FD008310C2 /* Frameworks */,
				440BFAC22282B5FD008310C2 /* Resources */,
			);
			buildRules = (
			);
			dependencies = (
				440BFAC62282B5FD008310C2 /* PBXTargetDependency */,
			);
			name = ParstagramUITests;
			productName = ParstagramUITests;
			productReference = 440BFAC42282B5FD008310C2 /* ParstagramUITests.xctest */;
			productType = "com.apple.product-type.bundle.ui-testing";
		};
/* End PBXNativeTarget section */

/* Begin PBXProject section */
		440BFA9D2282B5FB008310C2 /* Project object */ = {
			isa = PBXProject;
			attributes = {
				LastSwiftUpdateCheck = 1020;
				LastUpgradeCheck = 1020;
				ORGANIZATIONNAME = "Joseph Wong";
				TargetAttributes = {
					440BFAA42282B5FB008310C2 = {
						CreatedOnToolsVersion = 10.2.1;
					};
					440BFAB82282B5FD008310C2 = {
						CreatedOnToolsVersion = 10.2.1;
						TestTargetID = 440BFAA42282B5FB008310C2;
					};
					440BFAC32282B5FD008310C2 = {
						CreatedOnToolsVersion = 10.2.1;
						TestTargetID = 440BFAA42282B5FB008310C2;
					};
				};
			};
			buildConfigurationList = 440BFAA02282B5FB008310C2 /* Build configuration list for PBXProject "Parstagram" */;
			compatibilityVersion = "Xcode 9.3";
			developmentRegion = en;
			hasScannedForEncodings = 0;
			knownRegions = (
				en,
				Base,
			);
			mainGroup = 440BFA9C2282B5FB008310C2;
			productRefGroup = 440BFAA62282B5FB008310C2 /* Products */;
			projectDirPath = "";
			projectRoot = "";
			targets = (
				440BFAA42282B5FB008310C2 /* Parstagram */,
				440BFAB82282B5FD008310C2 /* ParstagramTests */,
				440BFAC32282B5FD008310C2 /* ParstagramUITests */,
			);
		};
/* End PBXProject section */

/* Begin PBXResourcesBuildPhase section */
		440BFAA32282B5FB008310C2 /* Resources */ = {
			isa = PBXResourcesBuildPhase;
			buildActionMask = 2147483647;
			files = (
				440BFAB32282B5FD008310C2 /* LaunchScreen.storyboard in Resources */,
				440BFAB02282B5FD008310C2 /* Assets.xcassets in Resources */,
				440BFAAE2282B5FB008310C2 /* Main.storyboard in Resources */,
			);
			runOnlyForDeploymentPostprocessing = 0;
		};
		440BFAB72282B5FD008310C2 /* Resources */ = {
			isa = PBXResourcesBuildPhase;
			buildActionMask = 2147483647;
			files = (
			);
			runOnlyForDeploymentPostprocessing = 0;
		};
		440BFAC22282B5FD008310C2 /* Resources */ = {
			isa = PBXResourcesBuildPhase;
			buildActionMask = 2147483647;
			files = (
			);
			runOnlyForDeploymentPostprocessing = 0;
		};
/* End PBXResourcesBuildPhase section */

/* Begin PBXShellScriptBuildPhase section */
		233B87D75E15C15F66626B31 /* [CP] Check Pods Manifest.lock */ = {
			isa = PBXShellScriptBuildPhase;
			buildActionMask = 2147483647;
			files = (
			);
			inputFileListPaths = (
			);
			inputPaths = (
				"${PODS_PODFILE_DIR_PATH}/Podfile.lock",
				"${PODS_ROOT}/Manifest.lock",
			);
			name = "[CP] Check Pods Manifest.lock";
			outputFileListPaths = (
			);
			outputPaths = (
				"$(DERIVED_FILE_DIR)/Pods-ParstagramTests-checkManifestLockResult.txt",
			);
			runOnlyForDeploymentPostprocessing = 0;
			shellPath = /bin/sh;
			shellScript = "diff \"${PODS_PODFILE_DIR_PATH}/Podfile.lock\" \"${PODS_ROOT}/Manifest.lock\" > /dev/null\nif [ $? != 0 ] ; then\n    # print error to STDERR\n    echo \"error: The sandbox is not in sync with the Podfile.lock. Run 'pod install' or update your CocoaPods installation.\" >&2\n    exit 1\nfi\n# This output is used by Xcode 'outputs' to avoid re-running this script phase.\necho \"SUCCESS\" > \"${SCRIPT_OUTPUT_FILE_0}\"\n";
			showEnvVarsInLog = 0;
		};
		863E8217D3A237B44A3DB629 /* [CP] Check Pods Manifest.lock */ = {
			isa = PBXShellScriptBuildPhase;
			buildActionMask = 2147483647;
			files = (
			);
			inputFileListPaths = (
			);
			inputPaths = (
				"${PODS_PODFILE_DIR_PATH}/Podfile.lock",
				"${PODS_ROOT}/Manifest.lock",
			);
			name = "[CP] Check Pods Manifest.lock";
			outputFileListPaths = (
			);
			outputPaths = (
				"$(DERIVED_FILE_DIR)/Pods-Parstagram-checkManifestLockResult.txt",
			);
			runOnlyForDeploymentPostprocessing = 0;
			shellPath = /bin/sh;
			shellScript = "diff \"${PODS_PODFILE_DIR_PATH}/Podfile.lock\" \"${PODS_ROOT}/Manifest.lock\" > /dev/null\nif [ $? != 0 ] ; then\n    # print error to STDERR\n    echo \"error: The sandbox is not in sync with the Podfile.lock. Run 'pod install' or update your CocoaPods installation.\" >&2\n    exit 1\nfi\n# This output is used by Xcode 'outputs' to avoid re-running this script phase.\necho \"SUCCESS\" > \"${SCRIPT_OUTPUT_FILE_0}\"\n";
			showEnvVarsInLog = 0;
		};
		D457FA58FBFBDB4DA4713ADD /* [CP] Embed Pods Frameworks */ = {
			isa = PBXShellScriptBuildPhase;
			buildActionMask = 2147483647;
			files = (
			);
			inputFileListPaths = (
			);
			inputPaths = (
				"${PODS_ROOT}/Target Support Files/Pods-Parstagram/Pods-Parstagram-frameworks.sh",
				"${BUILT_PRODUCTS_DIR}/Alamofire/Alamofire.framework",
				"${BUILT_PRODUCTS_DIR}/AlamofireImage/AlamofireImage.framework",
				"${BUILT_PRODUCTS_DIR}/Bolts/Bolts.framework",
				"${BUILT_PRODUCTS_DIR}/Parse/Parse.framework",
			);
			name = "[CP] Embed Pods Frameworks";
			outputFileListPaths = (
			);
			outputPaths = (
				"${TARGET_BUILD_DIR}/${FRAMEWORKS_FOLDER_PATH}/Alamofire.framework",
				"${TARGET_BUILD_DIR}/${FRAMEWORKS_FOLDER_PATH}/AlamofireImage.framework",
				"${TARGET_BUILD_DIR}/${FRAMEWORKS_FOLDER_PATH}/Bolts.framework",
				"${TARGET_BUILD_DIR}/${FRAMEWORKS_FOLDER_PATH}/Parse.framework",
			);
			runOnlyForDeploymentPostprocessing = 0;
			shellPath = /bin/sh;
			shellScript = "\"${PODS_ROOT}/Target Support Files/Pods-Parstagram/Pods-Parstagram-frameworks.sh\"\n";
			showEnvVarsInLog = 0;
		};
		EBAEBB1F8AE7930763B231B0 /* [CP] Check Pods Manifest.lock */ = {
			isa = PBXShellScriptBuildPhase;
			buildActionMask = 2147483647;
			files = (
			);
			inputFileListPaths = (
			);
			inputPaths = (
				"${PODS_PODFILE_DIR_PATH}/Podfile.lock",
				"${PODS_ROOT}/Manifest.lock",
			);
			name = "[CP] Check Pods Manifest.lock";
			outputFileListPaths = (
			);
			outputPaths = (
				"$(DERIVED_FILE_DIR)/Pods-ParstagramUITests-checkManifestLockResult.txt",
			);
			runOnlyForDeploymentPostprocessing = 0;
			shellPath = /bin/sh;
			shellScript = "diff \"${PODS_PODFILE_DIR_PATH}/Podfile.lock\" \"${PODS_ROOT}/Manifest.lock\" > /dev/null\nif [ $? != 0 ] ; then\n    # print error to STDERR\n    echo \"error: The sandbox is not in sync with the Podfile.lock. Run 'pod install' or update your CocoaPods installation.\" >&2\n    exit 1\nfi\n# This output is used by Xcode 'outputs' to avoid re-running this script phase.\necho \"SUCCESS\" > \"${SCRIPT_OUTPUT_FILE_0}\"\n";
			showEnvVarsInLog = 0;
		};
/* End PBXShellScriptBuildPhase section */

/* Begin PBXSourcesBuildPhase section */
		440BFAA12282B5FB008310C2 /* Sources */ = {
			isa = PBXSourcesBuildPhase;
			buildActionMask = 2147483647;
			files = (
				440BFAD72282BB9F008310C2 /* LoginViewController.swift in Sources */,
				440BFAD92282C551008310C2 /* CameraViewController.swift in Sources */,
				440BFAAB2282B5FB008310C2 /* FeedViewController.swift in Sources */,
				440BFAA92282B5FB008310C2 /* AppDelegate.swift in Sources */,
				440BFADD2283623D008310C2 /* PostCell.swift in Sources */,
			);
			runOnlyForDeploymentPostprocessing = 0;
		};
		440BFAB52282B5FD008310C2 /* Sources */ = {
			isa = PBXSourcesBuildPhase;
			buildActionMask = 2147483647;
			files = (
				440BFABE2282B5FD008310C2 /* ParstagramTests.swift in Sources */,
			);
			runOnlyForDeploymentPostprocessing = 0;
		};
		440BFAC02282B5FD008310C2 /* Sources */ = {
			isa = PBXSourcesBuildPhase;
			buildActionMask = 2147483647;
			files = (
				440BFAC92282B5FD008310C2 /* ParstagramUITests.swift in Sources */,
			);
			runOnlyForDeploymentPostprocessing = 0;
		};
/* End PBXSourcesBuildPhase section */

/* Begin PBXTargetDependency section */
		440BFABB2282B5FD008310C2 /* PBXTargetDependency */ = {
			isa = PBXTargetDependency;
			target = 440BFAA42282B5FB008310C2 /* Parstagram */;
			targetProxy = 440BFABA2282B5FD008310C2 /* PBXContainerItemProxy */;
		};
		440BFAC62282B5FD008310C2 /* PBXTargetDependency */ = {
			isa = PBXTargetDependency;
			target = 440BFAA42282B5FB008310C2 /* Parstagram */;
			targetProxy = 440BFAC52282B5FD008310C2 /* PBXContainerItemProxy */;
		};
/* End PBXTargetDependency section */

/* Begin PBXVariantGroup section */
		440BFAAC2282B5FB008310C2 /* Main.storyboard */ = {
			isa = PBXVariantGroup;
			children = (
				440BFAAD2282B5FB008310C2 /* Base */,
			);
			name = Main.storyboard;
			sourceTree = "<group>";
		};
		440BFAB12282B5FD008310C2 /* LaunchScreen.storyboard */ = {
			isa = PBXVariantGroup;
			children = (
				440BFAB22282B5FD008310C2 /* Base */,
			);
			name = LaunchScreen.storyboard;
			sourceTree = "<group>";
		};
/* End PBXVariantGroup section */

/* Begin XCBuildConfiguration section */
		440BFACB2282B5FD008310C2 /* Debug */ = {
			isa = XCBuildConfiguration;
			buildSettings = {
				ALWAYS_SEARCH_USER_PATHS = NO;
				CLANG_ANALYZER_NONNULL = YES;
				CLANG_ANALYZER_NUMBER_OBJECT_CONVERSION = YES_AGGRESSIVE;
				CLANG_CXX_LANGUAGE_STANDARD = "gnu++14";
				CLANG_CXX_LIBRARY = "libc++";
				CLANG_ENABLE_MODULES = YES;
				CLANG_ENABLE_OBJC_ARC = YES;
				CLANG_ENABLE_OBJC_WEAK = YES;
				CLANG_WARN_BLOCK_CAPTURE_AUTORELEASING = YES;
				CLANG_WARN_BOOL_CONVERSION = YES;
				CLANG_WARN_COMMA = YES;
				CLANG_WARN_CONSTANT_CONVERSION = YES;
				CLANG_WARN_DEPRECATED_OBJC_IMPLEMENTATIONS = YES;
				CLANG_WARN_DIRECT_OBJC_ISA_USAGE = YES_ERROR;
				CLANG_WARN_DOCUMENTATION_COMMENTS = YES;
				CLANG_WARN_EMPTY_BODY = YES;
				CLANG_WARN_ENUM_CONVERSION = YES;
				CLANG_WARN_INFINITE_RECURSION = YES;
				CLANG_WARN_INT_CONVERSION = YES;
				CLANG_WARN_NON_LITERAL_NULL_CONVERSION = YES;
				CLANG_WARN_OBJC_IMPLICIT_RETAIN_SELF = YES;
				CLANG_WARN_OBJC_LITERAL_CONVERSION = YES;
				CLANG_WARN_OBJC_ROOT_CLASS = YES_ERROR;
				CLANG_WARN_RANGE_LOOP_ANALYSIS = YES;
				CLANG_WARN_STRICT_PROTOTYPES = YES;
				CLANG_WARN_SUSPICIOUS_MOVE = YES;
				CLANG_WARN_UNGUARDED_AVAILABILITY = YES_AGGRESSIVE;
				CLANG_WARN_UNREACHABLE_CODE = YES;
				CLANG_WARN__DUPLICATE_METHOD_MATCH = YES;
				CODE_SIGN_IDENTITY = "iPhone Developer";
				COPY_PHASE_STRIP = NO;
				DEBUG_INFORMATION_FORMAT = dwarf;
				ENABLE_STRICT_OBJC_MSGSEND = YES;
				ENABLE_TESTABILITY = YES;
				GCC_C_LANGUAGE_STANDARD = gnu11;
				GCC_DYNAMIC_NO_PIC = NO;
				GCC_NO_COMMON_BLOCKS = YES;
				GCC_OPTIMIZATION_LEVEL = 0;
				GCC_PREPROCESSOR_DEFINITIONS = (
					"DEBUG=1",
					"$(inherited)",
				);
				GCC_WARN_64_TO_32_BIT_CONVERSION = YES;
				GCC_WARN_ABOUT_RETURN_TYPE = YES_ERROR;
				GCC_WARN_UNDECLARED_SELECTOR = YES;
				GCC_WARN_UNINITIALIZED_AUTOS = YES_AGGRESSIVE;
				GCC_WARN_UNUSED_FUNCTION = YES;
				GCC_WARN_UNUSED_VARIABLE = YES;
				IPHONEOS_DEPLOYMENT_TARGET = 12.2;
				MTL_ENABLE_DEBUG_INFO = INCLUDE_SOURCE;
				MTL_FAST_MATH = YES;
				ONLY_ACTIVE_ARCH = YES;
				SDKROOT = iphoneos;
				SWIFT_ACTIVE_COMPILATION_CONDITIONS = DEBUG;
				SWIFT_OPTIMIZATION_LEVEL = "-Onone";
			};
			name = Debug;
		};
		440BFACC2282B5FD008310C2 /* Release */ = {
			isa = XCBuildConfiguration;
			buildSettings = {
				ALWAYS_SEARCH_USER_PATHS = NO;
				CLANG_ANALYZER_NONNULL = YES;
				CLANG_ANALYZER_NUMBER_OBJECT_CONVERSION = YES_AGGRESSIVE;
				CLANG_CXX_LANGUAGE_STANDARD = "gnu++14";
				CLANG_CXX_LIBRARY = "libc++";
				CLANG_ENABLE_MODULES = YES;
				CLANG_ENABLE_OBJC_ARC = YES;
				CLANG_ENABLE_OBJC_WEAK = YES;
				CLANG_WARN_BLOCK_CAPTURE_AUTORELEASING = YES;
				CLANG_WARN_BOOL_CONVERSION = YES;
				CLANG_WARN_COMMA = YES;
				CLANG_WARN_CONSTANT_CONVERSION = YES;
				CLANG_WARN_DEPRECATED_OBJC_IMPLEMENTATIONS = YES;
				CLANG_WARN_DIRECT_OBJC_ISA_USAGE = YES_ERROR;
				CLANG_WARN_DOCUMENTATION_COMMENTS = YES;
				CLANG_WARN_EMPTY_BODY = YES;
				CLANG_WARN_ENUM_CONVERSION = YES;
				CLANG_WARN_INFINITE_RECURSION = YES;
				CLANG_WARN_INT_CONVERSION = YES;
				CLANG_WARN_NON_LITERAL_NULL_CONVERSION = YES;
				CLANG_WARN_OBJC_IMPLICIT_RETAIN_SELF = YES;
				CLANG_WARN_OBJC_LITERAL_CONVERSION = YES;
				CLANG_WARN_OBJC_ROOT_CLASS = YES_ERROR;
				CLANG_WARN_RANGE_LOOP_ANALYSIS = YES;
				CLANG_WARN_STRICT_PROTOTYPES = YES;
				CLANG_WARN_SUSPICIOUS_MOVE = YES;
				CLANG_WARN_UNGUARDED_AVAILABILITY = YES_AGGRESSIVE;
				CLANG_WARN_UNREACHABLE_CODE = YES;
				CLANG_WARN__DUPLICATE_METHOD_MATCH = YES;
				CODE_SIGN_IDENTITY = "iPhone Developer";
				COPY_PHASE_STRIP = NO;
				DEBUG_INFORMATION_FORMAT = "dwarf-with-dsym";
				ENABLE_NS_ASSERTIONS = NO;
				ENABLE_STRICT_OBJC_MSGSEND = YES;
				GCC_C_LANGUAGE_STANDARD = gnu11;
				GCC_NO_COMMON_BLOCKS = YES;
				GCC_WARN_64_TO_32_BIT_CONVERSION = YES;
				GCC_WARN_ABOUT_RETURN_TYPE = YES_ERROR;
				GCC_WARN_UNDECLARED_SELECTOR = YES;
				GCC_WARN_UNINITIALIZED_AUTOS = YES_AGGRESSIVE;
				GCC_WARN_UNUSED_FUNCTION = YES;
				GCC_WARN_UNUSED_VARIABLE = YES;
				IPHONEOS_DEPLOYMENT_TARGET = 12.2;
				MTL_ENABLE_DEBUG_INFO = NO;
				MTL_FAST_MATH = YES;
				SDKROOT = iphoneos;
				SWIFT_COMPILATION_MODE = wholemodule;
				SWIFT_OPTIMIZATION_LEVEL = "-O";
				VALIDATE_PRODUCT = YES;
			};
			name = Release;
		};
		440BFACE2282B5FD008310C2 /* Debug */ = {
			isa = XCBuildConfiguration;
			baseConfigurationReference = 57EF6CA777466AF849DDE04E /* Pods-Parstagram.debug.xcconfig */;
			buildSettings = {
				ASSETCATALOG_COMPILER_APPICON_NAME = AppIcon;
				CODE_SIGN_STYLE = Automatic;
				INFOPLIST_FILE = Parstagram/Info.plist;
				LD_RUNPATH_SEARCH_PATHS = (
					"$(inherited)",
					"@executable_path/Frameworks",
				);
				PRODUCT_BUNDLE_IDENTIFIER = jw.Parstagram;
				PRODUCT_NAME = "$(TARGET_NAME)";
				SWIFT_VERSION = 5.0;
				TARGETED_DEVICE_FAMILY = "1,2";
			};
			name = Debug;
		};
		440BFACF2282B5FD008310C2 /* Release */ = {
			isa = XCBuildConfiguration;
			baseConfigurationReference = 1321D9207F6BFDCCEAE55907 /* Pods-Parstagram.release.xcconfig */;
			buildSettings = {
				ASSETCATALOG_COMPILER_APPICON_NAME = AppIcon;
				CODE_SIGN_STYLE = Automatic;
				INFOPLIST_FILE = Parstagram/Info.plist;
				LD_RUNPATH_SEARCH_PATHS = (
					"$(inherited)",
					"@executable_path/Frameworks",
				);
				PRODUCT_BUNDLE_IDENTIFIER = jw.Parstagram;
				PRODUCT_NAME = "$(TARGET_NAME)";
				SWIFT_VERSION = 5.0;
				TARGETED_DEVICE_FAMILY = "1,2";
			};
			name = Release;
		};
		440BFAD12282B5FD008310C2 /* Debug */ = {
			isa = XCBuildConfiguration;
			baseConfigurationReference = A7F47FEB9714F742DAFAAF3A /* Pods-ParstagramTests.debug.xcconfig */;
			buildSettings = {
				ALWAYS_EMBED_SWIFT_STANDARD_LIBRARIES = YES;
				BUNDLE_LOADER = "$(TEST_HOST)";
				CODE_SIGN_STYLE = Automatic;
				INFOPLIST_FILE = ParstagramTests/Info.plist;
				LD_RUNPATH_SEARCH_PATHS = (
					"$(inherited)",
					"@executable_path/Frameworks",
					"@loader_path/Frameworks",
				);
				PRODUCT_BUNDLE_IDENTIFIER = jw.ParstagramTests;
				PRODUCT_NAME = "$(TARGET_NAME)";
				SWIFT_VERSION = 5.0;
				TARGETED_DEVICE_FAMILY = "1,2";
				TEST_HOST = "$(BUILT_PRODUCTS_DIR)/Parstagram.app/Parstagram";
			};
			name = Debug;
		};
		440BFAD22282B5FD008310C2 /* Release */ = {
			isa = XCBuildConfiguration;
			baseConfigurationReference = C2174B98ACBA574EA4997B54 /* Pods-ParstagramTests.release.xcconfig */;
			buildSettings = {
				ALWAYS_EMBED_SWIFT_STANDARD_LIBRARIES = YES;
				BUNDLE_LOADER = "$(TEST_HOST)";
				CODE_SIGN_STYLE = Automatic;
				INFOPLIST_FILE = ParstagramTests/Info.plist;
				LD_RUNPATH_SEARCH_PATHS = (
					"$(inherited)",
					"@executable_path/Frameworks",
					"@loader_path/Frameworks",
				);
				PRODUCT_BUNDLE_IDENTIFIER = jw.ParstagramTests;
				PRODUCT_NAME = "$(TARGET_NAME)";
				SWIFT_VERSION = 5.0;
				TARGETED_DEVICE_FAMILY = "1,2";
				TEST_HOST = "$(BUILT_PRODUCTS_DIR)/Parstagram.app/Parstagram";
			};
			name = Release;
		};
		440BFAD42282B5FD008310C2 /* Debug */ = {
			isa = XCBuildConfiguration;
			baseConfigurationReference = 91B3380A5F197FB2D53EDE5A /* Pods-ParstagramUITests.debug.xcconfig */;
			buildSettings = {
				ALWAYS_EMBED_SWIFT_STANDARD_LIBRARIES = YES;
				CODE_SIGN_STYLE = Automatic;
				INFOPLIST_FILE = ParstagramUITests/Info.plist;
				LD_RUNPATH_SEARCH_PATHS = (
					"$(inherited)",
					"@executable_path/Frameworks",
					"@loader_path/Frameworks",
				);
				PRODUCT_BUNDLE_IDENTIFIER = jw.ParstagramUITests;
				PRODUCT_NAME = "$(TARGET_NAME)";
				SWIFT_VERSION = 5.0;
				TARGETED_DEVICE_FAMILY = "1,2";
				TEST_TARGET_NAME = Parstagram;
			};
			name = Debug;
		};
		440BFAD52282B5FD008310C2 /* Release */ = {
			isa = XCBuildConfiguration;
			baseConfigurationReference = 45460DACED36C371A3D7C093 /* Pods-ParstagramUITests.release.xcconfig */;
			buildSettings = {
				ALWAYS_EMBED_SWIFT_STANDARD_LIBRARIES = YES;
				CODE_SIGN_STYLE = Automatic;
				INFOPLIST_FILE = ParstagramUITests/Info.plist;
				LD_RUNPATH_SEARCH_PATHS = (
					"$(inherited)",
					"@executable_path/Frameworks",
					"@loader_path/Frameworks",
				);
				PRODUCT_BUNDLE_IDENTIFIER = jw.ParstagramUITests;
				PRODUCT_NAME = "$(TARGET_NAME)";
				SWIFT_VERSION = 5.0;
				TARGETED_DEVICE_FAMILY = "1,2";
				TEST_TARGET_NAME = Parstagram;
			};
			name = Release;
		};
/* End XCBuildConfiguration section */

/* Begin XCConfigurationList section */
		440BFAA02282B5FB008310C2 /* Build configuration list for PBXProject "Parstagram" */ = {
			isa = XCConfigurationList;
			buildConfigurations = (
				440BFACB2282B5FD008310C2 /* Debug */,
				440BFACC2282B5FD008310C2 /* Release */,
			);
			defaultConfigurationIsVisible = 0;
			defaultConfigurationName = Release;
		};
		440BFACD2282B5FD008310C2 /* Build configuration list for PBXNativeTarget "Parstagram" */ = {
			isa = XCConfigurationList;
			buildConfigurations = (
				440BFACE2282B5FD008310C2 /* Debug */,
				440BFACF2282B5FD008310C2 /* Release */,
			);
			defaultConfigurationIsVisible = 0;
			defaultConfigurationName = Release;
		};
		440BFAD02282B5FD008310C2 /* Build configuration list for PBXNativeTarget "ParstagramTests" */ = {
			isa = XCConfigurationList;
			buildConfigurations = (
				440BFAD12282B5FD008310C2 /* Debug */,
				440BFAD22282B5FD008310C2 /* Release */,
			);
			defaultConfigurationIsVisible = 0;
			defaultConfigurationName = Release;
		};
		440BFAD32282B5FD008310C2 /* Build configuration list for PBXNativeTarget "ParstagramUITests" */ = {
			isa = XCConfigurationList;
			buildConfigurations = (
				440BFAD42282B5FD008310C2 /* Debug */,
				440BFAD52282B5FD008310C2 /* Release */,
			);
			defaultConfigurationIsVisible = 0;
			defaultConfigurationName = Release;
		};
/* End XCConfigurationList section */
	};
	rootObject = 440BFA9D2282B5FB008310C2 /* Project object */;
}
